// !$*UTF8*$!
{
	archiveVersion = 1;
	classes = {
	};
	objectVersion = 46;
	objects = {

/* Begin PBXBuildFile section */
		3A512F251BE16D400091A124 /* Escapement.framework in Frameworks */ = {isa = PBXBuildFile; fileRef = 3A512F1B1BE16D400091A124 /* Escapement.framework */; };
		3A512F3E1BE16DC30091A124 /* Escapement.h in Headers */ = {isa = PBXBuildFile; fileRef = 3A512F341BE16DAA0091A124 /* Escapement.h */; settings = {ATTRIBUTES = (Public, ); }; };
		3A512F3F1BE16DD60091A124 /* Escapement.h in Headers */ = {isa = PBXBuildFile; fileRef = 3A512F371BE16DAA0091A124 /* Escapement.h */; settings = {ATTRIBUTES = (Public, ); }; };
		3A512F401BE16E300091A124 /* Tests.swift in Sources */ = {isa = PBXBuildFile; fileRef = 3B1756D21B8B9B2C001E55A2 /* Tests.swift */; };
		3A512F471BE1716F0091A124 /* Stylesheet.swift in Sources */ = {isa = PBXBuildFile; fileRef = 3B1756E21B8B9D8F001E55A2 /* Stylesheet.swift */; };
		3A512F481BE1716F0091A124 /* Document.swift in Sources */ = {isa = PBXBuildFile; fileRef = 3B1756DE1B8B9D8F001E55A2 /* Document.swift */; };
		3A512F491BE1716F0091A124 /* Paragraph.swift in Sources */ = {isa = PBXBuildFile; fileRef = 3B1756E11B8B9D8F001E55A2 /* Paragraph.swift */; };
		3A512F4A1BE1716F0091A124 /* Entity.swift in Sources */ = {isa = PBXBuildFile; fileRef = 3B1756DF1B8B9D8F001E55A2 /* Entity.swift */; };
		3A512F4D1BE1716F0091A124 /* FontDescriptorExtensions.swift in Sources */ = {isa = PBXBuildFile; fileRef = 3B1756E01B8B9D8F001E55A2 /* FontDescriptorExtensions.swift */; };
		3B1756CC1B8B9B2C001E55A2 /* Escapement.framework in Frameworks */ = {isa = PBXBuildFile; fileRef = 3B1756C01B8B9B2C001E55A2 /* Escapement.framework */; };
		3B1756D31B8B9B2C001E55A2 /* Tests.swift in Sources */ = {isa = PBXBuildFile; fileRef = 3B1756D21B8B9B2C001E55A2 /* Tests.swift */; };
		3B1756E51B8B9D8F001E55A2 /* Document.swift in Sources */ = {isa = PBXBuildFile; fileRef = 3B1756DE1B8B9D8F001E55A2 /* Document.swift */; };
		3B1756E61B8B9D8F001E55A2 /* Entity.swift in Sources */ = {isa = PBXBuildFile; fileRef = 3B1756DF1B8B9D8F001E55A2 /* Entity.swift */; };
		3B1756E71B8B9D8F001E55A2 /* FontDescriptorExtensions.swift in Sources */ = {isa = PBXBuildFile; fileRef = 3B1756E01B8B9D8F001E55A2 /* FontDescriptorExtensions.swift */; };
		3B1756E81B8B9D8F001E55A2 /* Paragraph.swift in Sources */ = {isa = PBXBuildFile; fileRef = 3B1756E11B8B9D8F001E55A2 /* Paragraph.swift */; };
		3B1756E91B8B9D8F001E55A2 /* Stylesheet.swift in Sources */ = {isa = PBXBuildFile; fileRef = 3B1756E21B8B9D8F001E55A2 /* Stylesheet.swift */; };
/* End PBXBuildFile section */

/* Begin PBXContainerItemProxy section */
		3A512F261BE16D400091A124 /* PBXContainerItemProxy */ = {
			isa = PBXContainerItemProxy;
			containerPortal = 3B1756B71B8B9B2C001E55A2 /* Project object */;
			proxyType = 1;
			remoteGlobalIDString = 3A512F1A1BE16D400091A124;
			remoteInfo = "Escapement tvOS";
		};
		3B1756CD1B8B9B2C001E55A2 /* PBXContainerItemProxy */ = {
			isa = PBXContainerItemProxy;
			containerPortal = 3B1756B71B8B9B2C001E55A2 /* Project object */;
			proxyType = 1;
			remoteGlobalIDString = 3B1756BF1B8B9B2C001E55A2;
			remoteInfo = Escapement;
		};
/* End PBXContainerItemProxy section */

/* Begin PBXFileReference section */
		3A512F1B1BE16D400091A124 /* Escapement.framework */ = {isa = PBXFileReference; explicitFileType = wrapper.framework; includeInIndex = 0; path = Escapement.framework; sourceTree = BUILT_PRODUCTS_DIR; };
		3A512F241BE16D400091A124 /* Escapement-tvOS-Tests.xctest */ = {isa = PBXFileReference; explicitFileType = wrapper.cfbundle; includeInIndex = 0; path = "Escapement-tvOS-Tests.xctest"; sourceTree = BUILT_PRODUCTS_DIR; };
		3A512F341BE16DAA0091A124 /* Escapement.h */ = {isa = PBXFileReference; lastKnownFileType = sourcecode.c.h; path = Escapement.h; sourceTree = "<group>"; };
		3A512F351BE16DAA0091A124 /* Info.plist */ = {isa = PBXFileReference; lastKnownFileType = text.plist.xml; path = Info.plist; sourceTree = "<group>"; };
		3A512F371BE16DAA0091A124 /* Escapement.h */ = {isa = PBXFileReference; lastKnownFileType = sourcecode.c.h; path = Escapement.h; sourceTree = "<group>"; };
		3A512F381BE16DAA0091A124 /* Info.plist */ = {isa = PBXFileReference; lastKnownFileType = text.plist.xml; path = Info.plist; sourceTree = "<group>"; };
		3A512F3B1BE16DB10091A124 /* Info.plist */ = {isa = PBXFileReference; lastKnownFileType = text.plist.xml; path = Info.plist; sourceTree = "<group>"; };
		3A512F3D1BE16DB10091A124 /* Info.plist */ = {isa = PBXFileReference; lastKnownFileType = text.plist.xml; path = Info.plist; sourceTree = "<group>"; };
		3A99114A1C63F79700A2FEC1 /* .gitignore */ = {isa = PBXFileReference; lastKnownFileType = text; path = .gitignore; sourceTree = "<group>"; };
		3A99114C1C63F79700A2FEC1 /* Common.xcconfig */ = {isa = PBXFileReference; lastKnownFileType = text.xcconfig; path = Common.xcconfig; sourceTree = "<group>"; };
		3A99114E1C63F79700A2FEC1 /* Debug.xcconfig */ = {isa = PBXFileReference; lastKnownFileType = text.xcconfig; path = Debug.xcconfig; sourceTree = "<group>"; };
		3A99114F1C63F79700A2FEC1 /* Profile.xcconfig */ = {isa = PBXFileReference; lastKnownFileType = text.xcconfig; path = Profile.xcconfig; sourceTree = "<group>"; };
		3A9911501C63F79700A2FEC1 /* Release.xcconfig */ = {isa = PBXFileReference; lastKnownFileType = text.xcconfig; path = Release.xcconfig; sourceTree = "<group>"; };
		3A9911511C63F79700A2FEC1 /* Test.xcconfig */ = {isa = PBXFileReference; lastKnownFileType = text.xcconfig; path = Test.xcconfig; sourceTree = "<group>"; };
		3A9911531C63F79700A2FEC1 /* Application.xcconfig */ = {isa = PBXFileReference; lastKnownFileType = text.xcconfig; path = Application.xcconfig; sourceTree = "<group>"; };
		3A9911541C63F79700A2FEC1 /* Framework.xcconfig */ = {isa = PBXFileReference; lastKnownFileType = text.xcconfig; path = Framework.xcconfig; sourceTree = "<group>"; };
		3A9911551C63F79700A2FEC1 /* StaticLibrary.xcconfig */ = {isa = PBXFileReference; lastKnownFileType = text.xcconfig; path = StaticLibrary.xcconfig; sourceTree = "<group>"; };
		3A9911591C63F79700A2FEC1 /* 14E6F0A4-4737-327F-B8DA-DC80B590CE96.bcsymbolmap */ = {isa = PBXFileReference; lastKnownFileType = text; path = "14E6F0A4-4737-327F-B8DA-DC80B590CE96.bcsymbolmap"; sourceTree = "<group>"; };
		3A99115A1C63F79700A2FEC1 /* 26C04C69-E791-3D20-910F-C13039DE02F7.bcsymbolmap */ = {isa = PBXFileReference; lastKnownFileType = text; path = "26C04C69-E791-3D20-910F-C13039DE02F7.bcsymbolmap"; sourceTree = "<group>"; };
		3A99115B1C63F79700A2FEC1 /* 905A2AD2-809A-36AE-9209-D8FDF678239C.bcsymbolmap */ = {isa = PBXFileReference; lastKnownFileType = text; path = "905A2AD2-809A-36AE-9209-D8FDF678239C.bcsymbolmap"; sourceTree = "<group>"; };
		3A99115C1C63F79700A2FEC1 /* 9718F720-7DB6-34B3-9E2B-854F374E2986.bcsymbolmap */ = {isa = PBXFileReference; lastKnownFileType = text; path = "9718F720-7DB6-34B3-9E2B-854F374E2986.bcsymbolmap"; sourceTree = "<group>"; };
		3A99115D1C63F79700A2FEC1 /* Alexander.framework */ = {isa = PBXFileReference; lastKnownFileType = wrapper.framework; path = Alexander.framework; sourceTree = "<group>"; };
		3A99115E1C63F79700A2FEC1 /* Alexander.framework.dSYM */ = {isa = PBXFileReference; lastKnownFileType = wrapper.dsym; path = Alexander.framework.dSYM; sourceTree = "<group>"; };
		3A99115F1C63F79700A2FEC1 /* B5D67507-FAEB-36F5-925B-2A2C7C17A55B.bcsymbolmap */ = {isa = PBXFileReference; lastKnownFileType = text; path = "B5D67507-FAEB-36F5-925B-2A2C7C17A55B.bcsymbolmap"; sourceTree = "<group>"; };
		3A9911601C63F79700A2FEC1 /* F39E4A4F-E19C-3718-94D3-1DC2F1C92FDD.bcsymbolmap */ = {isa = PBXFileReference; lastKnownFileType = text; path = "F39E4A4F-E19C-3718-94D3-1DC2F1C92FDD.bcsymbolmap"; sourceTree = "<group>"; };
		3A9911621C63F79700A2FEC1 /* Alexander.framework */ = {isa = PBXFileReference; lastKnownFileType = wrapper.framework; path = Alexander.framework; sourceTree = "<group>"; };
		3A9911631C63F79700A2FEC1 /* Alexander.framework.dSYM */ = {isa = PBXFileReference; lastKnownFileType = wrapper.dsym; path = Alexander.framework.dSYM; sourceTree = "<group>"; };
		3A9911651C63F79700A2FEC1 /* 0D46B0A6-8AB5-361F-AF74-AF2F36C84296.bcsymbolmap */ = {isa = PBXFileReference; lastKnownFileType = text; path = "0D46B0A6-8AB5-361F-AF74-AF2F36C84296.bcsymbolmap"; sourceTree = "<group>"; };
		3A9911661C63F79700A2FEC1 /* 1220009A-A813-3323-B3B0-BF02B5E2B8AD.bcsymbolmap */ = {isa = PBXFileReference; lastKnownFileType = text; path = "1220009A-A813-3323-B3B0-BF02B5E2B8AD.bcsymbolmap"; sourceTree = "<group>"; };
		3A9911671C63F79700A2FEC1 /* 48F0B1C6-DAA0-32A5-84F4-4BB8EFEDAE1E.bcsymbolmap */ = {isa = PBXFileReference; lastKnownFileType = text; path = "48F0B1C6-DAA0-32A5-84F4-4BB8EFEDAE1E.bcsymbolmap"; sourceTree = "<group>"; };
		3A9911681C63F79700A2FEC1 /* Alexander.framework */ = {isa = PBXFileReference; lastKnownFileType = wrapper.framework; path = Alexander.framework; sourceTree = "<group>"; };
		3A9911691C63F79700A2FEC1 /* Alexander.framework.dSYM */ = {isa = PBXFileReference; lastKnownFileType = wrapper.dsym; path = Alexander.framework.dSYM; sourceTree = "<group>"; };
		3A99116B1C63F79700A2FEC1 /* 55CD8C77-D9CF-3575-B4C1-FEA28B39F5AD.bcsymbolmap */ = {isa = PBXFileReference; lastKnownFileType = text; path = "55CD8C77-D9CF-3575-B4C1-FEA28B39F5AD.bcsymbolmap"; sourceTree = "<group>"; };
		3A99116C1C63F79700A2FEC1 /* Alexander.framework */ = {isa = PBXFileReference; lastKnownFileType = wrapper.framework; path = Alexander.framework; sourceTree = "<group>"; };
		3A99116D1C63F79700A2FEC1 /* Alexander.framework.dSYM */ = {isa = PBXFileReference; lastKnownFileType = wrapper.dsym; path = Alexander.framework.dSYM; sourceTree = "<group>"; };
		3A99116E1C63F79700A2FEC1 /* CED71AF8-4096-37A5-97B0-337101E17EBB.bcsymbolmap */ = {isa = PBXFileReference; lastKnownFileType = text; path = "CED71AF8-4096-37A5-97B0-337101E17EBB.bcsymbolmap"; sourceTree = "<group>"; };
		3A99116F1C63F79700A2FEC1 /* E0A55045-CC35-38FA-B64D-31134C5DDC5F.bcsymbolmap */ = {isa = PBXFileReference; lastKnownFileType = text; path = "E0A55045-CC35-38FA-B64D-31134C5DDC5F.bcsymbolmap"; sourceTree = "<group>"; };
		3A9911711C63F79700A2FEC1 /* iOS-Application.xcconfig */ = {isa = PBXFileReference; lastKnownFileType = text.xcconfig; path = "iOS-Application.xcconfig"; sourceTree = "<group>"; };
		3A9911721C63F79700A2FEC1 /* iOS-Base.xcconfig */ = {isa = PBXFileReference; lastKnownFileType = text.xcconfig; path = "iOS-Base.xcconfig"; sourceTree = "<group>"; };
		3A9911731C63F79700A2FEC1 /* iOS-Framework.xcconfig */ = {isa = PBXFileReference; lastKnownFileType = text.xcconfig; path = "iOS-Framework.xcconfig"; sourceTree = "<group>"; };
		3A9911741C63F79700A2FEC1 /* iOS-StaticLibrary.xcconfig */ = {isa = PBXFileReference; lastKnownFileType = text.xcconfig; path = "iOS-StaticLibrary.xcconfig"; sourceTree = "<group>"; };
		3A9911761C63F79700A2FEC1 /* Mac-Application.xcconfig */ = {isa = PBXFileReference; lastKnownFileType = text.xcconfig; path = "Mac-Application.xcconfig"; sourceTree = "<group>"; };
		3A9911771C63F79700A2FEC1 /* Mac-Base.xcconfig */ = {isa = PBXFileReference; lastKnownFileType = text.xcconfig; path = "Mac-Base.xcconfig"; sourceTree = "<group>"; };
		3A9911781C63F79700A2FEC1 /* Mac-DynamicLibrary.xcconfig */ = {isa = PBXFileReference; lastKnownFileType = text.xcconfig; path = "Mac-DynamicLibrary.xcconfig"; sourceTree = "<group>"; };
		3A9911791C63F79700A2FEC1 /* Mac-Framework.xcconfig */ = {isa = PBXFileReference; lastKnownFileType = text.xcconfig; path = "Mac-Framework.xcconfig"; sourceTree = "<group>"; };
		3A99117A1C63F79700A2FEC1 /* Mac-StaticLibrary.xcconfig */ = {isa = PBXFileReference; lastKnownFileType = text.xcconfig; path = "Mac-StaticLibrary.xcconfig"; sourceTree = "<group>"; };
		3A99117B1C63F79700A2FEC1 /* README.md */ = {isa = PBXFileReference; lastKnownFileType = net.daringfireball.markdown; path = README.md; sourceTree = "<group>"; };
		3A99117D1C63F79700A2FEC1 /* tvOS-Application.xcconfig */ = {isa = PBXFileReference; lastKnownFileType = text.xcconfig; path = "tvOS-Application.xcconfig"; sourceTree = "<group>"; };
		3A99117E1C63F79700A2FEC1 /* tvOS-Base.xcconfig */ = {isa = PBXFileReference; lastKnownFileType = text.xcconfig; path = "tvOS-Base.xcconfig"; sourceTree = "<group>"; };
		3A99117F1C63F79700A2FEC1 /* tvOS-Framework.xcconfig */ = {isa = PBXFileReference; lastKnownFileType = text.xcconfig; path = "tvOS-Framework.xcconfig"; sourceTree = "<group>"; };
		3A9911801C63F79700A2FEC1 /* tvOS-StaticLibrary.xcconfig */ = {isa = PBXFileReference; lastKnownFileType = text.xcconfig; path = "tvOS-StaticLibrary.xcconfig"; sourceTree = "<group>"; };
		3A9911821C63F79700A2FEC1 /* watchOS-Application.xcconfig */ = {isa = PBXFileReference; lastKnownFileType = text.xcconfig; path = "watchOS-Application.xcconfig"; sourceTree = "<group>"; };
		3A9911831C63F79700A2FEC1 /* watchOS-Base.xcconfig */ = {isa = PBXFileReference; lastKnownFileType = text.xcconfig; path = "watchOS-Base.xcconfig"; sourceTree = "<group>"; };
		3A9911841C63F79700A2FEC1 /* watchOS-Framework.xcconfig */ = {isa = PBXFileReference; lastKnownFileType = text.xcconfig; path = "watchOS-Framework.xcconfig"; sourceTree = "<group>"; };
		3A9911851C63F79700A2FEC1 /* watchOS-StaticLibrary.xcconfig */ = {isa = PBXFileReference; lastKnownFileType = text.xcconfig; path = "watchOS-StaticLibrary.xcconfig"; sourceTree = "<group>"; };
		3B1756C01B8B9B2C001E55A2 /* Escapement.framework */ = {isa = PBXFileReference; explicitFileType = wrapper.framework; includeInIndex = 0; path = Escapement.framework; sourceTree = BUILT_PRODUCTS_DIR; };
		3B1756CB1B8B9B2C001E55A2 /* Escapement-iOS-Tests.xctest */ = {isa = PBXFileReference; explicitFileType = wrapper.cfbundle; includeInIndex = 0; path = "Escapement-iOS-Tests.xctest"; sourceTree = BUILT_PRODUCTS_DIR; };
		3B1756D21B8B9B2C001E55A2 /* Tests.swift */ = {isa = PBXFileReference; lastKnownFileType = sourcecode.swift; path = Tests.swift; sourceTree = "<group>"; };
		3B1756DE1B8B9D8F001E55A2 /* Document.swift */ = {isa = PBXFileReference; fileEncoding = 4; lastKnownFileType = sourcecode.swift; path = Document.swift; sourceTree = "<group>"; };
		3B1756DF1B8B9D8F001E55A2 /* Entity.swift */ = {isa = PBXFileReference; fileEncoding = 4; lastKnownFileType = sourcecode.swift; path = Entity.swift; sourceTree = "<group>"; };
		3B1756E01B8B9D8F001E55A2 /* FontDescriptorExtensions.swift */ = {isa = PBXFileReference; fileEncoding = 4; lastKnownFileType = sourcecode.swift; path = FontDescriptorExtensions.swift; sourceTree = "<group>"; };
		3B1756E11B8B9D8F001E55A2 /* Paragraph.swift */ = {isa = PBXFileReference; fileEncoding = 4; lastKnownFileType = sourcecode.swift; path = Paragraph.swift; sourceTree = "<group>"; };
		3B1756E21B8B9D8F001E55A2 /* Stylesheet.swift */ = {isa = PBXFileReference; fileEncoding = 4; lastKnownFileType = sourcecode.swift; path = Stylesheet.swift; sourceTree = "<group>"; };
/* End PBXFileReference section */

/* Begin PBXFrameworksBuildPhase section */
		3A512F171BE16D400091A124 /* Frameworks */ = {
			isa = PBXFrameworksBuildPhase;
			buildActionMask = 2147483647;
			files = (
			);
			runOnlyForDeploymentPostprocessing = 0;
		};
		3A512F211BE16D400091A124 /* Frameworks */ = {
			isa = PBXFrameworksBuildPhase;
			buildActionMask = 2147483647;
			files = (
				3A512F251BE16D400091A124 /* Escapement.framework in Frameworks */,
			);
			runOnlyForDeploymentPostprocessing = 0;
		};
		3B1756BC1B8B9B2C001E55A2 /* Frameworks */ = {
			isa = PBXFrameworksBuildPhase;
			buildActionMask = 2147483647;
			files = (
			);
			runOnlyForDeploymentPostprocessing = 0;
		};
		3B1756C81B8B9B2C001E55A2 /* Frameworks */ = {
			isa = PBXFrameworksBuildPhase;
			buildActionMask = 2147483647;
			files = (
				3B1756CC1B8B9B2C001E55A2 /* Escapement.framework in Frameworks */,
			);
			runOnlyForDeploymentPostprocessing = 0;
		};
/* End PBXFrameworksBuildPhase section */

/* Begin PBXGroup section */
		3A512F321BE16DAA0091A124 /* Platforms */ = {
			isa = PBXGroup;
			children = (
				3A512F331BE16DAA0091A124 /* iOS */,
				3A512F361BE16DAA0091A124 /* tvOS */,
			);
			path = Platforms;
			sourceTree = "<group>";
		};
		3A512F331BE16DAA0091A124 /* iOS */ = {
			isa = PBXGroup;
			children = (
				3A512F341BE16DAA0091A124 /* Escapement.h */,
				3A512F351BE16DAA0091A124 /* Info.plist */,
			);
			path = iOS;
			sourceTree = "<group>";
		};
		3A512F361BE16DAA0091A124 /* tvOS */ = {
			isa = PBXGroup;
			children = (
				3A512F371BE16DAA0091A124 /* Escapement.h */,
				3A512F381BE16DAA0091A124 /* Info.plist */,
			);
			path = tvOS;
			sourceTree = "<group>";
		};
		3A512F391BE16DB10091A124 /* Platforms */ = {
			isa = PBXGroup;
			children = (
				3A512F3A1BE16DB10091A124 /* iOS */,
				3A512F3C1BE16DB10091A124 /* tvOS */,
			);
			path = Platforms;
			sourceTree = "<group>";
		};
		3A512F3A1BE16DB10091A124 /* iOS */ = {
			isa = PBXGroup;
			children = (
				3A512F3B1BE16DB10091A124 /* Info.plist */,
			);
			path = iOS;
			sourceTree = "<group>";
		};
		3A512F3C1BE16DB10091A124 /* tvOS */ = {
			isa = PBXGroup;
			children = (
				3A512F3D1BE16DB10091A124 /* Info.plist */,
			);
			path = tvOS;
			sourceTree = "<group>";
		};
		3A9911491C63F79700A2FEC1 /* Configuration */ = {
			isa = PBXGroup;
			children = (
				3A99114A1C63F79700A2FEC1 /* .gitignore */,
				3A99114B1C63F79700A2FEC1 /* Base */,
				3A9911561C63F79700A2FEC1 /* Carthage */,
				3A9911701C63F79700A2FEC1 /* iOS */,
				3A9911751C63F79700A2FEC1 /* Mac OS X */,
				3A99117B1C63F79700A2FEC1 /* README.md */,
				3A99117C1C63F79700A2FEC1 /* tvOS */,
				3A9911811C63F79700A2FEC1 /* watchOS */,
			);
			name = Configuration;
			path = Carthage/Checkouts/xcconfigs;
			sourceTree = "<group>";
		};
		3A99114B1C63F79700A2FEC1 /* Base */ = {
			isa = PBXGroup;
			children = (
				3A99114C1C63F79700A2FEC1 /* Common.xcconfig */,
				3A99114D1C63F79700A2FEC1 /* Configurations */,
				3A9911521C63F79700A2FEC1 /* Targets */,
			);
			path = Base;
			sourceTree = "<group>";
		};
		3A99114D1C63F79700A2FEC1 /* Configurations */ = {
			isa = PBXGroup;
			children = (
				3A99114E1C63F79700A2FEC1 /* Debug.xcconfig */,
				3A99114F1C63F79700A2FEC1 /* Profile.xcconfig */,
				3A9911501C63F79700A2FEC1 /* Release.xcconfig */,
				3A9911511C63F79700A2FEC1 /* Test.xcconfig */,
			);
			path = Configurations;
			sourceTree = "<group>";
		};
		3A9911521C63F79700A2FEC1 /* Targets */ = {
			isa = PBXGroup;
			children = (
				3A9911531C63F79700A2FEC1 /* Application.xcconfig */,
				3A9911541C63F79700A2FEC1 /* Framework.xcconfig */,
				3A9911551C63F79700A2FEC1 /* StaticLibrary.xcconfig */,
			);
			path = Targets;
			sourceTree = "<group>";
		};
		3A9911561C63F79700A2FEC1 /* Carthage */ = {
			isa = PBXGroup;
			children = (
				3A9911571C63F79700A2FEC1 /* Build */,
			);
			path = Carthage;
			sourceTree = "<group>";
		};
		3A9911571C63F79700A2FEC1 /* Build */ = {
			isa = PBXGroup;
			children = (
				3A9911581C63F79700A2FEC1 /* iOS */,
				3A9911611C63F79700A2FEC1 /* Mac */,
				3A9911641C63F79700A2FEC1 /* tvOS */,
				3A99116A1C63F79700A2FEC1 /* watchOS */,
			);
			path = Build;
			sourceTree = "<group>";
		};
		3A9911581C63F79700A2FEC1 /* iOS */ = {
			isa = PBXGroup;
			children = (
				3A9911591C63F79700A2FEC1 /* 14E6F0A4-4737-327F-B8DA-DC80B590CE96.bcsymbolmap */,
				3A99115A1C63F79700A2FEC1 /* 26C04C69-E791-3D20-910F-C13039DE02F7.bcsymbolmap */,
				3A99115B1C63F79700A2FEC1 /* 905A2AD2-809A-36AE-9209-D8FDF678239C.bcsymbolmap */,
				3A99115C1C63F79700A2FEC1 /* 9718F720-7DB6-34B3-9E2B-854F374E2986.bcsymbolmap */,
				3A99115D1C63F79700A2FEC1 /* Alexander.framework */,
				3A99115E1C63F79700A2FEC1 /* Alexander.framework.dSYM */,
				3A99115F1C63F79700A2FEC1 /* B5D67507-FAEB-36F5-925B-2A2C7C17A55B.bcsymbolmap */,
				3A9911601C63F79700A2FEC1 /* F39E4A4F-E19C-3718-94D3-1DC2F1C92FDD.bcsymbolmap */,
			);
			path = iOS;
			sourceTree = "<group>";
		};
		3A9911611C63F79700A2FEC1 /* Mac */ = {
			isa = PBXGroup;
			children = (
				3A9911621C63F79700A2FEC1 /* Alexander.framework */,
				3A9911631C63F79700A2FEC1 /* Alexander.framework.dSYM */,
			);
			path = Mac;
			sourceTree = "<group>";
		};
		3A9911641C63F79700A2FEC1 /* tvOS */ = {
			isa = PBXGroup;
			children = (
				3A9911651C63F79700A2FEC1 /* 0D46B0A6-8AB5-361F-AF74-AF2F36C84296.bcsymbolmap */,
				3A9911661C63F79700A2FEC1 /* 1220009A-A813-3323-B3B0-BF02B5E2B8AD.bcsymbolmap */,
				3A9911671C63F79700A2FEC1 /* 48F0B1C6-DAA0-32A5-84F4-4BB8EFEDAE1E.bcsymbolmap */,
				3A9911681C63F79700A2FEC1 /* Alexander.framework */,
				3A9911691C63F79700A2FEC1 /* Alexander.framework.dSYM */,
			);
			path = tvOS;
			sourceTree = "<group>";
		};
		3A99116A1C63F79700A2FEC1 /* watchOS */ = {
			isa = PBXGroup;
			children = (
				3A99116B1C63F79700A2FEC1 /* 55CD8C77-D9CF-3575-B4C1-FEA28B39F5AD.bcsymbolmap */,
				3A99116C1C63F79700A2FEC1 /* Alexander.framework */,
				3A99116D1C63F79700A2FEC1 /* Alexander.framework.dSYM */,
				3A99116E1C63F79700A2FEC1 /* CED71AF8-4096-37A5-97B0-337101E17EBB.bcsymbolmap */,
				3A99116F1C63F79700A2FEC1 /* E0A55045-CC35-38FA-B64D-31134C5DDC5F.bcsymbolmap */,
			);
			path = watchOS;
			sourceTree = "<group>";
		};
		3A9911701C63F79700A2FEC1 /* iOS */ = {
			isa = PBXGroup;
			children = (
				3A9911711C63F79700A2FEC1 /* iOS-Application.xcconfig */,
				3A9911721C63F79700A2FEC1 /* iOS-Base.xcconfig */,
				3A9911731C63F79700A2FEC1 /* iOS-Framework.xcconfig */,
				3A9911741C63F79700A2FEC1 /* iOS-StaticLibrary.xcconfig */,
			);
			path = iOS;
			sourceTree = "<group>";
		};
		3A9911751C63F79700A2FEC1 /* Mac OS X */ = {
			isa = PBXGroup;
			children = (
				3A9911761C63F79700A2FEC1 /* Mac-Application.xcconfig */,
				3A9911771C63F79700A2FEC1 /* Mac-Base.xcconfig */,
				3A9911781C63F79700A2FEC1 /* Mac-DynamicLibrary.xcconfig */,
				3A9911791C63F79700A2FEC1 /* Mac-Framework.xcconfig */,
				3A99117A1C63F79700A2FEC1 /* Mac-StaticLibrary.xcconfig */,
			);
			path = "Mac OS X";
			sourceTree = "<group>";
		};
		3A99117C1C63F79700A2FEC1 /* tvOS */ = {
			isa = PBXGroup;
			children = (
				3A99117D1C63F79700A2FEC1 /* tvOS-Application.xcconfig */,
				3A99117E1C63F79700A2FEC1 /* tvOS-Base.xcconfig */,
				3A99117F1C63F79700A2FEC1 /* tvOS-Framework.xcconfig */,
				3A9911801C63F79700A2FEC1 /* tvOS-StaticLibrary.xcconfig */,
			);
			path = tvOS;
			sourceTree = "<group>";
		};
		3A9911811C63F79700A2FEC1 /* watchOS */ = {
			isa = PBXGroup;
			children = (
				3A9911821C63F79700A2FEC1 /* watchOS-Application.xcconfig */,
				3A9911831C63F79700A2FEC1 /* watchOS-Base.xcconfig */,
				3A9911841C63F79700A2FEC1 /* watchOS-Framework.xcconfig */,
				3A9911851C63F79700A2FEC1 /* watchOS-StaticLibrary.xcconfig */,
			);
			path = watchOS;
			sourceTree = "<group>";
		};
		3B1756B61B8B9B2C001E55A2 = {
			isa = PBXGroup;
			children = (
				3B1756C21B8B9B2C001E55A2 /* Escapement */,
				3B1756CF1B8B9B2C001E55A2 /* Tests */,
				3A9911491C63F79700A2FEC1 /* Configuration */,
				3B1756C11B8B9B2C001E55A2 /* Products */,
			);
			sourceTree = "<group>";
		};
		3B1756C11B8B9B2C001E55A2 /* Products */ = {
			isa = PBXGroup;
			children = (
				3B1756C01B8B9B2C001E55A2 /* Escapement.framework */,
				3B1756CB1B8B9B2C001E55A2 /* Escapement-iOS-Tests.xctest */,
				3A512F1B1BE16D400091A124 /* Escapement.framework */,
				3A512F241BE16D400091A124 /* Escapement-tvOS-Tests.xctest */,
			);
			name = Products;
			sourceTree = "<group>";
		};
		3B1756C21B8B9B2C001E55A2 /* Escapement */ = {
			isa = PBXGroup;
			children = (
				3B1756E21B8B9D8F001E55A2 /* Stylesheet.swift */,
				3B1756DE1B8B9D8F001E55A2 /* Document.swift */,
				3B1756E11B8B9D8F001E55A2 /* Paragraph.swift */,
				3B1756DF1B8B9D8F001E55A2 /* Entity.swift */,
				3B1756E01B8B9D8F001E55A2 /* FontDescriptorExtensions.swift */,
				3A512F321BE16DAA0091A124 /* Platforms */,
			);
			path = Escapement;
			sourceTree = "<group>";
		};
		3B1756CF1B8B9B2C001E55A2 /* Tests */ = {
			isa = PBXGroup;
			children = (
				3B1756D21B8B9B2C001E55A2 /* Tests.swift */,
				3A512F391BE16DB10091A124 /* Platforms */,
			);
			path = Tests;
			sourceTree = "<group>";
		};
/* End PBXGroup section */

/* Begin PBXHeadersBuildPhase section */
		3A512F181BE16D400091A124 /* Headers */ = {
			isa = PBXHeadersBuildPhase;
			buildActionMask = 2147483647;
			files = (
				3A512F3F1BE16DD60091A124 /* Escapement.h in Headers */,
			);
			runOnlyForDeploymentPostprocessing = 0;
		};
		3B1756BD1B8B9B2C001E55A2 /* Headers */ = {
			isa = PBXHeadersBuildPhase;
			buildActionMask = 2147483647;
			files = (
				3A512F3E1BE16DC30091A124 /* Escapement.h in Headers */,
			);
			runOnlyForDeploymentPostprocessing = 0;
		};
/* End PBXHeadersBuildPhase section */

/* Begin PBXNativeTarget section */
		3A512F1A1BE16D400091A124 /* Escapement-tvOS */ = {
			isa = PBXNativeTarget;
			buildConfigurationList = 3A512F301BE16D400091A124 /* Build configuration list for PBXNativeTarget "Escapement-tvOS" */;
			buildPhases = (
				3A512F161BE16D400091A124 /* Sources */,
				3A512F171BE16D400091A124 /* Frameworks */,
				3A512F181BE16D400091A124 /* Headers */,
				3A512F191BE16D400091A124 /* Resources */,
			);
			buildRules = (
			);
			dependencies = (
			);
			name = "Escapement-tvOS";
			productName = "Escapement tvOS";
			productReference = 3A512F1B1BE16D400091A124 /* Escapement.framework */;
			productType = "com.apple.product-type.framework";
		};
		3A512F231BE16D400091A124 /* Escapement-tvOS-Tests */ = {
			isa = PBXNativeTarget;
			buildConfigurationList = 3A512F311BE16D400091A124 /* Build configuration list for PBXNativeTarget "Escapement-tvOS-Tests" */;
			buildPhases = (
				3A512F201BE16D400091A124 /* Sources */,
				3A512F211BE16D400091A124 /* Frameworks */,
				3A512F221BE16D400091A124 /* Resources */,
				4E0FC09A1CAB20A4005C27D0 /* Copy Carthage Frameworks */,
			);
			buildRules = (
			);
			dependencies = (
				3A512F271BE16D400091A124 /* PBXTargetDependency */,
			);
			name = "Escapement-tvOS-Tests";
			productName = "Escapement tvOSTests";
			productReference = 3A512F241BE16D400091A124 /* Escapement-tvOS-Tests.xctest */;
			productType = "com.apple.product-type.bundle.unit-test";
		};
		3B1756BF1B8B9B2C001E55A2 /* Escapement-iOS */ = {
			isa = PBXNativeTarget;
			buildConfigurationList = 3B1756D61B8B9B2C001E55A2 /* Build configuration list for PBXNativeTarget "Escapement-iOS" */;
			buildPhases = (
				3B1756BB1B8B9B2C001E55A2 /* Sources */,
				3B1756BC1B8B9B2C001E55A2 /* Frameworks */,
				3B1756BD1B8B9B2C001E55A2 /* Headers */,
				3B1756BE1B8B9B2C001E55A2 /* Resources */,
			);
			buildRules = (
			);
			dependencies = (
			);
			name = "Escapement-iOS";
			productName = Escapement;
			productReference = 3B1756C01B8B9B2C001E55A2 /* Escapement.framework */;
			productType = "com.apple.product-type.framework";
		};
		3B1756CA1B8B9B2C001E55A2 /* Escapement-iOS-Tests */ = {
			isa = PBXNativeTarget;
			buildConfigurationList = 3B1756D91B8B9B2C001E55A2 /* Build configuration list for PBXNativeTarget "Escapement-iOS-Tests" */;
			buildPhases = (
				3B1756C71B8B9B2C001E55A2 /* Sources */,
				3B1756C81B8B9B2C001E55A2 /* Frameworks */,
				3B1756C91B8B9B2C001E55A2 /* Resources */,
				4E0FC0991CAB2079005C27D0 /* Copy Carthage Frameworks */,
			);
			buildRules = (
			);
			dependencies = (
				3B1756CE1B8B9B2C001E55A2 /* PBXTargetDependency */,
			);
			name = "Escapement-iOS-Tests";
			productName = EscapementTests;
			productReference = 3B1756CB1B8B9B2C001E55A2 /* Escapement-iOS-Tests.xctest */;
			productType = "com.apple.product-type.bundle.unit-test";
		};
/* End PBXNativeTarget section */

/* Begin PBXProject section */
		3B1756B71B8B9B2C001E55A2 /* Project object */ = {
			isa = PBXProject;
			attributes = {
				LastSwiftMigration = 0700;
				LastSwiftUpdateCheck = 0710;
				LastUpgradeCheck = 0730;
				ORGANIZATIONNAME = Hodinkee;
				TargetAttributes = {
					3A512F1A1BE16D400091A124 = {
						CreatedOnToolsVersion = 7.1;
					};
					3A512F231BE16D400091A124 = {
						CreatedOnToolsVersion = 7.1;
					};
					3B1756BF1B8B9B2C001E55A2 = {
						CreatedOnToolsVersion = 6.4;
					};
					3B1756CA1B8B9B2C001E55A2 = {
						CreatedOnToolsVersion = 6.4;
					};
				};
			};
			buildConfigurationList = 3B1756BA1B8B9B2C001E55A2 /* Build configuration list for PBXProject "Escapement" */;
			compatibilityVersion = "Xcode 3.2";
			developmentRegion = English;
			hasScannedForEncodings = 0;
			knownRegions = (
				en,
			);
			mainGroup = 3B1756B61B8B9B2C001E55A2;
			productRefGroup = 3B1756C11B8B9B2C001E55A2 /* Products */;
			projectDirPath = "";
			projectRoot = "";
			targets = (
				3B1756BF1B8B9B2C001E55A2 /* Escapement-iOS */,
				3B1756CA1B8B9B2C001E55A2 /* Escapement-iOS-Tests */,
				3A512F1A1BE16D400091A124 /* Escapement-tvOS */,
				3A512F231BE16D400091A124 /* Escapement-tvOS-Tests */,
			);
		};
/* End PBXProject section */

/* Begin PBXResourcesBuildPhase section */
		3A512F191BE16D400091A124 /* Resources */ = {
			isa = PBXResourcesBuildPhase;
			buildActionMask = 2147483647;
			files = (
			);
			runOnlyForDeploymentPostprocessing = 0;
		};
		3A512F221BE16D400091A124 /* Resources */ = {
			isa = PBXResourcesBuildPhase;
			buildActionMask = 2147483647;
			files = (
			);
			runOnlyForDeploymentPostprocessing = 0;
		};
		3B1756BE1B8B9B2C001E55A2 /* Resources */ = {
			isa = PBXResourcesBuildPhase;
			buildActionMask = 2147483647;
			files = (
			);
			runOnlyForDeploymentPostprocessing = 0;
		};
		3B1756C91B8B9B2C001E55A2 /* Resources */ = {
			isa = PBXResourcesBuildPhase;
			buildActionMask = 2147483647;
			files = (
			);
			runOnlyForDeploymentPostprocessing = 0;
		};
/* End PBXResourcesBuildPhase section */

/* Begin PBXShellScriptBuildPhase section */
		4E0FC0991CAB2079005C27D0 /* Copy Carthage Frameworks */ = {
			isa = PBXShellScriptBuildPhase;
			buildActionMask = 2147483647;
			files = (
			);
			inputPaths = (
				"$(SRCROOT)/Carthage/Build/iOS/Alexander.framework",
			);
			name = "Copy Carthage Frameworks";
			outputPaths = (
			);
			runOnlyForDeploymentPostprocessing = 0;
			shellPath = /bin/sh;
			shellScript = "/usr/local/bin/carthage copy-frameworks";
		};
		4E0FC09A1CAB20A4005C27D0 /* Copy Carthage Frameworks */ = {
			isa = PBXShellScriptBuildPhase;
			buildActionMask = 2147483647;
			files = (
			);
			inputPaths = (
				"$(SRCROOT)/Carthage/Build/tvOS/Alexander.framework",
			);
			name = "Copy Carthage Frameworks";
			outputPaths = (
			);
			runOnlyForDeploymentPostprocessing = 0;
			shellPath = /bin/sh;
			shellScript = "/usr/local/bin/carthage copy-frameworks";
		};
/* End PBXShellScriptBuildPhase section */

/* Begin PBXSourcesBuildPhase section */
		3A512F161BE16D400091A124 /* Sources */ = {
			isa = PBXSourcesBuildPhase;
			buildActionMask = 2147483647;
			files = (
				3A512F4A1BE1716F0091A124 /* Entity.swift in Sources */,
				3A512F491BE1716F0091A124 /* Paragraph.swift in Sources */,
				3A512F481BE1716F0091A124 /* Document.swift in Sources */,
				3A512F4D1BE1716F0091A124 /* FontDescriptorExtensions.swift in Sources */,
				3A512F471BE1716F0091A124 /* Stylesheet.swift in Sources */,
			);
			runOnlyForDeploymentPostprocessing = 0;
		};
		3A512F201BE16D400091A124 /* Sources */ = {
			isa = PBXSourcesBuildPhase;
			buildActionMask = 2147483647;
			files = (
				3A512F401BE16E300091A124 /* Tests.swift in Sources */,
			);
			runOnlyForDeploymentPostprocessing = 0;
		};
		3B1756BB1B8B9B2C001E55A2 /* Sources */ = {
			isa = PBXSourcesBuildPhase;
			buildActionMask = 2147483647;
			files = (
				3B1756E81B8B9D8F001E55A2 /* Paragraph.swift in Sources */,
				3B1756E71B8B9D8F001E55A2 /* FontDescriptorExtensions.swift in Sources */,
				3B1756E61B8B9D8F001E55A2 /* Entity.swift in Sources */,
				3B1756E91B8B9D8F001E55A2 /* Stylesheet.swift in Sources */,
				3B1756E51B8B9D8F001E55A2 /* Document.swift in Sources */,
			);
			runOnlyForDeploymentPostprocessing = 0;
		};
		3B1756C71B8B9B2C001E55A2 /* Sources */ = {
			isa = PBXSourcesBuildPhase;
			buildActionMask = 2147483647;
			files = (
				3B1756D31B8B9B2C001E55A2 /* Tests.swift in Sources */,
			);
			runOnlyForDeploymentPostprocessing = 0;
		};
/* End PBXSourcesBuildPhase section */

/* Begin PBXTargetDependency section */
		3A512F271BE16D400091A124 /* PBXTargetDependency */ = {
			isa = PBXTargetDependency;
			target = 3A512F1A1BE16D400091A124 /* Escapement-tvOS */;
			targetProxy = 3A512F261BE16D400091A124 /* PBXContainerItemProxy */;
		};
		3B1756CE1B8B9B2C001E55A2 /* PBXTargetDependency */ = {
			isa = PBXTargetDependency;
			target = 3B1756BF1B8B9B2C001E55A2 /* Escapement-iOS */;
			targetProxy = 3B1756CD1B8B9B2C001E55A2 /* PBXContainerItemProxy */;
		};
/* End PBXTargetDependency section */

/* Begin XCBuildConfiguration section */
		3A512F2C1BE16D400091A124 /* Debug */ = {
			isa = XCBuildConfiguration;
			baseConfigurationReference = 3A99117F1C63F79700A2FEC1 /* tvOS-Framework.xcconfig */;
			buildSettings = {
				DYLIB_COMPATIBILITY_VERSION = 1;
				DYLIB_CURRENT_VERSION = 6;
				FRAMEWORK_SEARCH_PATHS = (
					"$(inherited)",
					"$(PROJECT_DIR)/Carthage/Build/tvOS",
				);
				INFOPLIST_FILE = Escapement/Platforms/tvOS/Info.plist;
				PRODUCT_BUNDLE_IDENTIFIER = "com.hodinkee.$(PRODUCT_NAME:rfc1034identifier)";
				SWIFT_INSTALL_OBJC_HEADER = NO;
			};
			name = Debug;
		};
		3A512F2D1BE16D400091A124 /* Release */ = {
			isa = XCBuildConfiguration;
			baseConfigurationReference = 3A99117F1C63F79700A2FEC1 /* tvOS-Framework.xcconfig */;
			buildSettings = {
				DYLIB_COMPATIBILITY_VERSION = 1;
				DYLIB_CURRENT_VERSION = 6;
				FRAMEWORK_SEARCH_PATHS = (
					"$(inherited)",
					"$(PROJECT_DIR)/Carthage/Build/tvOS",
				);
				INFOPLIST_FILE = Escapement/Platforms/tvOS/Info.plist;
				PRODUCT_BUNDLE_IDENTIFIER = "com.hodinkee.$(PRODUCT_NAME:rfc1034identifier)";
				SWIFT_INSTALL_OBJC_HEADER = NO;
			};
			name = Release;
		};
		3A512F2E1BE16D400091A124 /* Debug */ = {
			isa = XCBuildConfiguration;
			baseConfigurationReference = 3A99117D1C63F79700A2FEC1 /* tvOS-Application.xcconfig */;
			buildSettings = {
				INFOPLIST_FILE = Tests/Platforms/tvOS/Info.plist;
				PRODUCT_BUNDLE_IDENTIFIER = "com.hodinkee.$(PRODUCT_NAME:rfc1034identifier)";
				PRODUCT_NAME = "$(TARGET_NAME)";
			};
			name = Debug;
		};
		3A512F2F1BE16D400091A124 /* Release */ = {
			isa = XCBuildConfiguration;
			baseConfigurationReference = 3A99117D1C63F79700A2FEC1 /* tvOS-Application.xcconfig */;
			buildSettings = {
				INFOPLIST_FILE = Tests/Platforms/tvOS/Info.plist;
				PRODUCT_BUNDLE_IDENTIFIER = "com.hodinkee.$(PRODUCT_NAME:rfc1034identifier)";
				PRODUCT_NAME = "$(TARGET_NAME)";
			};
			name = Release;
		};
		3B1756D41B8B9B2C001E55A2 /* Debug */ = {
			isa = XCBuildConfiguration;
			baseConfigurationReference = 3A99114E1C63F79700A2FEC1 /* Debug.xcconfig */;
			buildSettings = {
				CURRENT_PROJECT_VERSION = 6;
				ENABLE_TESTABILITY = YES;
				IPHONEOS_DEPLOYMENT_TARGET = 8.0;
				TVOS_DEPLOYMENT_TARGET = 9.0;
				VERSIONING_SYSTEM = "apple-generic";
				VERSION_INFO_PREFIX = "";
			};
			name = Debug;
		};
		3B1756D51B8B9B2C001E55A2 /* Release */ = {
			isa = XCBuildConfiguration;
			baseConfigurationReference = 3A9911501C63F79700A2FEC1 /* Release.xcconfig */;
			buildSettings = {
				CURRENT_PROJECT_VERSION = 6;
				IPHONEOS_DEPLOYMENT_TARGET = 8.0;
				TVOS_DEPLOYMENT_TARGET = 9.0;
				VERSIONING_SYSTEM = "apple-generic";
				VERSION_INFO_PREFIX = "";
			};
			name = Release;
		};
		3B1756D71B8B9B2C001E55A2 /* Debug */ = {
			isa = XCBuildConfiguration;
			baseConfigurationReference = 3A9911731C63F79700A2FEC1 /* iOS-Framework.xcconfig */;
			buildSettings = {
				CODE_SIGN_IDENTITY = "iPhone Developer";
				"CODE_SIGN_IDENTITY[sdk=iphonesimulator*]" = "";
				DYLIB_COMPATIBILITY_VERSION = 1;
				DYLIB_CURRENT_VERSION = 6;
				FRAMEWORK_SEARCH_PATHS = (
					"$(inherited)",
					"$(PROJECT_DIR)/Carthage/Build/iOS",
				);
				INFOPLIST_FILE = Escapement/Platforms/iOS/Info.plist;
				PRODUCT_BUNDLE_IDENTIFIER = "com.hodinkee.$(PRODUCT_NAME:rfc1034identifier)";
				SWIFT_INSTALL_OBJC_HEADER = NO;
			};
			name = Debug;
		};
		3B1756D81B8B9B2C001E55A2 /* Release */ = {
			isa = XCBuildConfiguration;
			baseConfigurationReference = 3A9911731C63F79700A2FEC1 /* iOS-Framework.xcconfig */;
			buildSettings = {
				CODE_SIGN_IDENTITY = "iPhone Developer";
				"CODE_SIGN_IDENTITY[sdk=iphonesimulator*]" = "";
				DYLIB_COMPATIBILITY_VERSION = 1;
				DYLIB_CURRENT_VERSION = 6;
				FRAMEWORK_SEARCH_PATHS = (
					"$(inherited)",
					"$(PROJECT_DIR)/Carthage/Build/iOS",
				);
				INFOPLIST_FILE = Escapement/Platforms/iOS/Info.plist;
				PRODUCT_BUNDLE_IDENTIFIER = "com.hodinkee.$(PRODUCT_NAME:rfc1034identifier)";
				SWIFT_INSTALL_OBJC_HEADER = NO;
			};
			name = Release;
		};
		3B1756DA1B8B9B2C001E55A2 /* Debug */ = {
			isa = XCBuildConfiguration;
			baseConfigurationReference = 3A9911711C63F79700A2FEC1 /* iOS-Application.xcconfig */;
			buildSettings = {
				CODE_SIGN_IDENTITY = "iPhone Developer";
				"CODE_SIGN_IDENTITY[sdk=iphonesimulator*]" = "";
				INFOPLIST_FILE = Tests/Platforms/iOS/Info.plist;
				PRODUCT_BUNDLE_IDENTIFIER = "com.hodinkee.$(PRODUCT_NAME:rfc1034identifier)";
				PRODUCT_NAME = "$(TARGET_NAME)";
			};
			name = Debug;
		};
		3B1756DB1B8B9B2C001E55A2 /* Release */ = {
			isa = XCBuildConfiguration;
			baseConfigurationReference = 3A9911711C63F79700A2FEC1 /* iOS-Application.xcconfig */;
			buildSettings = {
				CODE_SIGN_IDENTITY = "iPhone Developer";
				"CODE_SIGN_IDENTITY[sdk=iphonesimulator*]" = "";
				INFOPLIST_FILE = Tests/Platforms/iOS/Info.plist;
				PRODUCT_BUNDLE_IDENTIFIER = "com.hodinkee.$(PRODUCT_NAME:rfc1034identifier)";
				PRODUCT_NAME = "$(TARGET_NAME)";
			};
			name = Release;
		};
/* End XCBuildConfiguration section */

/* Begin XCConfigurationList section */
		3A512F301BE16D400091A124 /* Build configuration list for PBXNativeTarget "Escapement-tvOS" */ = {
			isa = XCConfigurationList;
			buildConfigurations = (
				3A512F2C1BE16D400091A124 /* Debug */,
				3A512F2D1BE16D400091A124 /* Release */,
			);
			defaultConfigurationIsVisible = 0;
			defaultConfigurationName = Release;
		};
		3A512F311BE16D400091A124 /* Build configuration list for PBXNativeTarget "Escapement-tvOS-Tests" */ = {
			isa = XCConfigurationList;
			buildConfigurations = (
				3A512F2E1BE16D400091A124 /* Debug */,
				3A512F2F1BE16D400091A124 /* Release */,
			);
			defaultConfigurationIsVisible = 0;
			defaultConfigurationName = Release;
		};
		3B1756BA1B8B9B2C001E55A2 /* Build configuration list for PBXProject "Escapement" */ = {
			isa = XCConfigurationList;
			buildConfigurations = (
				3B1756D41B8B9B2C001E55A2 /* Debug */,
				3B1756D51B8B9B2C001E55A2 /* Release */,
			);
			defaultConfigurationIsVisible = 0;
			defaultConfigurationName = Release;
		};
		3B1756D61B8B9B2C001E55A2 /* Build configuration list for PBXNativeTarget "Escapement-iOS" */ = {
			isa = XCConfigurationList;
			buildConfigurations = (
				3B1756D71B8B9B2C001E55A2 /* Debug */,
				3B1756D81B8B9B2C001E55A2 /* Release */,
			);
			defaultConfigurationIsVisible = 0;
			defaultConfigurationName = Release;
		};
		3B1756D91B8B9B2C001E55A2 /* Build configuration list for PBXNativeTarget "Escapement-iOS-Tests" */ = {
			isa = XCConfigurationList;
			buildConfigurations = (
				3B1756DA1B8B9B2C001E55A2 /* Debug */,
				3B1756DB1B8B9B2C001E55A2 /* Release */,
			);
			defaultConfigurationIsVisible = 0;
			defaultConfigurationName = Release;
		};
/* End XCConfigurationList section */
	};
	rootObject = 3B1756B71B8B9B2C001E55A2 /* Project object */;
}
