// !$*UTF8*$!
{
	archiveVersion = 1;
	classes = {
	};
	objectVersion = 46;
	objects = {

/* Begin PBXBuildFile section */
		3A512F3E1BE16DC30091A124 /* Escapement.h in Headers */ = {isa = PBXBuildFile; fileRef = 3A512F341BE16DAA0091A124 /* Escapement.h */; settings = {ATTRIBUTES = (Public, ); }; };
		3A512F3F1BE16DD60091A124 /* Escapement.h in Headers */ = {isa = PBXBuildFile; fileRef = 3A512F371BE16DAA0091A124 /* Escapement.h */; settings = {ATTRIBUTES = (Public, ); }; };
		3A512F441BE1712E0091A124 /* Alexander.framework in CopyFiles */ = {isa = PBXBuildFile; fileRef = 3A512F421BE170EF0091A124 /* Alexander.framework */; settings = {ATTRIBUTES = (CodeSignOnCopy, RemoveHeadersOnCopy, ); }; };
		3A512F471BE1716F0091A124 /* Stylesheet.swift in Sources */ = {isa = PBXBuildFile; fileRef = 3B1756E21B8B9D8F001E55A2 /* Stylesheet.swift */; };
		3A512F481BE1716F0091A124 /* Document.swift in Sources */ = {isa = PBXBuildFile; fileRef = 3B1756DE1B8B9D8F001E55A2 /* Document.swift */; };
		3A512F491BE1716F0091A124 /* Paragraph.swift in Sources */ = {isa = PBXBuildFile; fileRef = 3B1756E11B8B9D8F001E55A2 /* Paragraph.swift */; };
		3A512F4A1BE1716F0091A124 /* Entity.swift in Sources */ = {isa = PBXBuildFile; fileRef = 3B1756DF1B8B9D8F001E55A2 /* Entity.swift */; };
		3A512F4B1BE1716F0091A124 /* AttributedStringConvertible.swift in Sources */ = {isa = PBXBuildFile; fileRef = 3B1756DC1B8B9D8F001E55A2 /* AttributedStringConvertible.swift */; };
		3A512F4C1BE1716F0091A124 /* AttributedStringExtensions.swift in Sources */ = {isa = PBXBuildFile; fileRef = 3B1756DD1B8B9D8F001E55A2 /* AttributedStringExtensions.swift */; };
		3A512F4D1BE1716F0091A124 /* FontDescriptorExtensions.swift in Sources */ = {isa = PBXBuildFile; fileRef = 3B1756E01B8B9D8F001E55A2 /* FontDescriptorExtensions.swift */; };
		3B1756CC1B8B9B2C001E55A2 /* Escapement.framework in Frameworks */ = {isa = PBXBuildFile; fileRef = 3B1756C01B8B9B2C001E55A2 /* Escapement.framework */; };
		3B1756D31B8B9B2C001E55A2 /* Tests.swift in Sources */ = {isa = PBXBuildFile; fileRef = 3B1756D21B8B9B2C001E55A2 /* Tests.swift */; };
		3B1756E31B8B9D8F001E55A2 /* AttributedStringConvertible.swift in Sources */ = {isa = PBXBuildFile; fileRef = 3B1756DC1B8B9D8F001E55A2 /* AttributedStringConvertible.swift */; };
		3B1756E41B8B9D8F001E55A2 /* AttributedStringExtensions.swift in Sources */ = {isa = PBXBuildFile; fileRef = 3B1756DD1B8B9D8F001E55A2 /* AttributedStringExtensions.swift */; };
		3B1756E51B8B9D8F001E55A2 /* Document.swift in Sources */ = {isa = PBXBuildFile; fileRef = 3B1756DE1B8B9D8F001E55A2 /* Document.swift */; };
		3B1756E61B8B9D8F001E55A2 /* Entity.swift in Sources */ = {isa = PBXBuildFile; fileRef = 3B1756DF1B8B9D8F001E55A2 /* Entity.swift */; };
		3B1756E71B8B9D8F001E55A2 /* FontDescriptorExtensions.swift in Sources */ = {isa = PBXBuildFile; fileRef = 3B1756E01B8B9D8F001E55A2 /* FontDescriptorExtensions.swift */; };
		3B1756E81B8B9D8F001E55A2 /* Paragraph.swift in Sources */ = {isa = PBXBuildFile; fileRef = 3B1756E11B8B9D8F001E55A2 /* Paragraph.swift */; };
		3B1756E91B8B9D8F001E55A2 /* Stylesheet.swift in Sources */ = {isa = PBXBuildFile; fileRef = 3B1756E21B8B9D8F001E55A2 /* Stylesheet.swift */; };
/* End PBXBuildFile section */

/* Begin PBXContainerItemProxy section */
		3B1756CD1B8B9B2C001E55A2 /* PBXContainerItemProxy */ = {
			isa = PBXContainerItemProxy;
			containerPortal = 3B1756B71B8B9B2C001E55A2 /* Project object */;
			proxyType = 1;
			remoteGlobalIDString = 3B1756BF1B8B9B2C001E55A2;
			remoteInfo = Escapement;
		};
/* End PBXContainerItemProxy section */

/* Begin PBXCopyFilesBuildPhase section */
		3A512F431BE1712A0091A124 /* CopyFiles */ = {
			isa = PBXCopyFilesBuildPhase;
			buildActionMask = 2147483647;
			dstPath = "";
			dstSubfolderSpec = 10;
			files = (
				3A512F441BE1712E0091A124 /* Alexander.framework in CopyFiles */,
			);
			runOnlyForDeploymentPostprocessing = 0;
		};
/* End PBXCopyFilesBuildPhase section */

/* Begin PBXFileReference section */
		3A4058C21C0D27AD00D1ED83 /* .gitignore */ = {isa = PBXFileReference; lastKnownFileType = text; path = .gitignore; sourceTree = "<group>"; };
		3A4058C41C0D27AD00D1ED83 /* Common.xcconfig */ = {isa = PBXFileReference; lastKnownFileType = text.xcconfig; path = Common.xcconfig; sourceTree = "<group>"; };
		3A4058C61C0D27AD00D1ED83 /* Debug.xcconfig */ = {isa = PBXFileReference; lastKnownFileType = text.xcconfig; path = Debug.xcconfig; sourceTree = "<group>"; };
		3A4058C71C0D27AD00D1ED83 /* Profile.xcconfig */ = {isa = PBXFileReference; lastKnownFileType = text.xcconfig; path = Profile.xcconfig; sourceTree = "<group>"; };
		3A4058C81C0D27AD00D1ED83 /* Release.xcconfig */ = {isa = PBXFileReference; lastKnownFileType = text.xcconfig; path = Release.xcconfig; sourceTree = "<group>"; };
		3A4058C91C0D27AD00D1ED83 /* Test.xcconfig */ = {isa = PBXFileReference; lastKnownFileType = text.xcconfig; path = Test.xcconfig; sourceTree = "<group>"; };
		3A4058CB1C0D27AD00D1ED83 /* Application.xcconfig */ = {isa = PBXFileReference; lastKnownFileType = text.xcconfig; path = Application.xcconfig; sourceTree = "<group>"; };
		3A4058CC1C0D27AD00D1ED83 /* Framework.xcconfig */ = {isa = PBXFileReference; lastKnownFileType = text.xcconfig; path = Framework.xcconfig; sourceTree = "<group>"; };
		3A4058CD1C0D27AD00D1ED83 /* StaticLibrary.xcconfig */ = {isa = PBXFileReference; lastKnownFileType = text.xcconfig; path = StaticLibrary.xcconfig; sourceTree = "<group>"; };
		3A4058CF1C0D27AD00D1ED83 /* iOS-Application.xcconfig */ = {isa = PBXFileReference; lastKnownFileType = text.xcconfig; path = "iOS-Application.xcconfig"; sourceTree = "<group>"; };
		3A4058D01C0D27AD00D1ED83 /* iOS-Base.xcconfig */ = {isa = PBXFileReference; lastKnownFileType = text.xcconfig; path = "iOS-Base.xcconfig"; sourceTree = "<group>"; };
		3A4058D11C0D27AD00D1ED83 /* iOS-Framework.xcconfig */ = {isa = PBXFileReference; lastKnownFileType = text.xcconfig; path = "iOS-Framework.xcconfig"; sourceTree = "<group>"; };
		3A4058D21C0D27AD00D1ED83 /* iOS-StaticLibrary.xcconfig */ = {isa = PBXFileReference; lastKnownFileType = text.xcconfig; path = "iOS-StaticLibrary.xcconfig"; sourceTree = "<group>"; };
		3A4058D41C0D27AD00D1ED83 /* Mac-Application.xcconfig */ = {isa = PBXFileReference; lastKnownFileType = text.xcconfig; path = "Mac-Application.xcconfig"; sourceTree = "<group>"; };
		3A4058D51C0D27AD00D1ED83 /* Mac-Base.xcconfig */ = {isa = PBXFileReference; lastKnownFileType = text.xcconfig; path = "Mac-Base.xcconfig"; sourceTree = "<group>"; };
		3A4058D61C0D27AD00D1ED83 /* Mac-DynamicLibrary.xcconfig */ = {isa = PBXFileReference; lastKnownFileType = text.xcconfig; path = "Mac-DynamicLibrary.xcconfig"; sourceTree = "<group>"; };
		3A4058D71C0D27AD00D1ED83 /* Mac-Framework.xcconfig */ = {isa = PBXFileReference; lastKnownFileType = text.xcconfig; path = "Mac-Framework.xcconfig"; sourceTree = "<group>"; };
		3A4058D81C0D27AD00D1ED83 /* Mac-StaticLibrary.xcconfig */ = {isa = PBXFileReference; lastKnownFileType = text.xcconfig; path = "Mac-StaticLibrary.xcconfig"; sourceTree = "<group>"; };
		3A4058D91C0D27AD00D1ED83 /* README.md */ = {isa = PBXFileReference; lastKnownFileType = net.daringfireball.markdown; path = README.md; sourceTree = "<group>"; };
		3A4058DB1C0D27AD00D1ED83 /* tvOS-Application.xcconfig */ = {isa = PBXFileReference; lastKnownFileType = text.xcconfig; path = "tvOS-Application.xcconfig"; sourceTree = "<group>"; };
		3A4058DC1C0D27AD00D1ED83 /* tvOS-Base.xcconfig */ = {isa = PBXFileReference; lastKnownFileType = text.xcconfig; path = "tvOS-Base.xcconfig"; sourceTree = "<group>"; };
		3A4058DD1C0D27AD00D1ED83 /* tvOS-Framework.xcconfig */ = {isa = PBXFileReference; lastKnownFileType = text.xcconfig; path = "tvOS-Framework.xcconfig"; sourceTree = "<group>"; };
		3A4058DE1C0D27AD00D1ED83 /* tvOS-StaticLibrary.xcconfig */ = {isa = PBXFileReference; lastKnownFileType = text.xcconfig; path = "tvOS-StaticLibrary.xcconfig"; sourceTree = "<group>"; };
		3A4058E01C0D27AD00D1ED83 /* watchOS-Application.xcconfig */ = {isa = PBXFileReference; lastKnownFileType = text.xcconfig; path = "watchOS-Application.xcconfig"; sourceTree = "<group>"; };
		3A4058E11C0D27AD00D1ED83 /* watchOS-Base.xcconfig */ = {isa = PBXFileReference; lastKnownFileType = text.xcconfig; path = "watchOS-Base.xcconfig"; sourceTree = "<group>"; };
		3A4058E21C0D27AD00D1ED83 /* watchOS-Framework.xcconfig */ = {isa = PBXFileReference; lastKnownFileType = text.xcconfig; path = "watchOS-Framework.xcconfig"; sourceTree = "<group>"; };
		3A4058E31C0D27AD00D1ED83 /* watchOS-StaticLibrary.xcconfig */ = {isa = PBXFileReference; lastKnownFileType = text.xcconfig; path = "watchOS-StaticLibrary.xcconfig"; sourceTree = "<group>"; };
		3A512F1B1BE16D400091A124 /* Escapement.framework */ = {isa = PBXFileReference; explicitFileType = wrapper.framework; includeInIndex = 0; path = Escapement.framework; sourceTree = BUILT_PRODUCTS_DIR; };
		3A512F341BE16DAA0091A124 /* Escapement.h */ = {isa = PBXFileReference; lastKnownFileType = sourcecode.c.h; path = Escapement.h; sourceTree = "<group>"; };
		3A512F351BE16DAA0091A124 /* Info.plist */ = {isa = PBXFileReference; lastKnownFileType = text.plist.xml; path = Info.plist; sourceTree = "<group>"; };
		3A512F371BE16DAA0091A124 /* Escapement.h */ = {isa = PBXFileReference; lastKnownFileType = sourcecode.c.h; path = Escapement.h; sourceTree = "<group>"; };
		3A512F381BE16DAA0091A124 /* Info.plist */ = {isa = PBXFileReference; lastKnownFileType = text.plist.xml; path = Info.plist; sourceTree = "<group>"; };
		3A512F3B1BE16DB10091A124 /* Info.plist */ = {isa = PBXFileReference; lastKnownFileType = text.plist.xml; path = Info.plist; sourceTree = "<group>"; };
		3A512F3D1BE16DB10091A124 /* Info.plist */ = {isa = PBXFileReference; lastKnownFileType = text.plist.xml; path = Info.plist; sourceTree = "<group>"; };
		3A512F411BE170DF0091A124 /* Alexander.framework */ = {isa = PBXFileReference; lastKnownFileType = wrapper.framework; name = Alexander.framework; path = Carthage/Build/tvOS/Alexander.framework; sourceTree = "<group>"; };
		3A512F421BE170EF0091A124 /* Alexander.framework */ = {isa = PBXFileReference; lastKnownFileType = wrapper.framework; name = Alexander.framework; path = Carthage/Build/iOS/Alexander.framework; sourceTree = "<group>"; };
		3B1756C01B8B9B2C001E55A2 /* Escapement.framework */ = {isa = PBXFileReference; explicitFileType = wrapper.framework; includeInIndex = 0; path = Escapement.framework; sourceTree = BUILT_PRODUCTS_DIR; };
		3B1756CB1B8B9B2C001E55A2 /* Escapement iOS Tests.xctest */ = {isa = PBXFileReference; explicitFileType = wrapper.cfbundle; includeInIndex = 0; path = "Escapement iOS Tests.xctest"; sourceTree = BUILT_PRODUCTS_DIR; };
		3B1756D21B8B9B2C001E55A2 /* Tests.swift */ = {isa = PBXFileReference; lastKnownFileType = sourcecode.swift; path = Tests.swift; sourceTree = "<group>"; };
		3B1756DC1B8B9D8F001E55A2 /* AttributedStringConvertible.swift */ = {isa = PBXFileReference; fileEncoding = 4; lastKnownFileType = sourcecode.swift; path = AttributedStringConvertible.swift; sourceTree = "<group>"; };
		3B1756DD1B8B9D8F001E55A2 /* AttributedStringExtensions.swift */ = {isa = PBXFileReference; fileEncoding = 4; lastKnownFileType = sourcecode.swift; path = AttributedStringExtensions.swift; sourceTree = "<group>"; };
		3B1756DE1B8B9D8F001E55A2 /* Document.swift */ = {isa = PBXFileReference; fileEncoding = 4; lastKnownFileType = sourcecode.swift; path = Document.swift; sourceTree = "<group>"; };
		3B1756DF1B8B9D8F001E55A2 /* Entity.swift */ = {isa = PBXFileReference; fileEncoding = 4; lastKnownFileType = sourcecode.swift; path = Entity.swift; sourceTree = "<group>"; };
		3B1756E01B8B9D8F001E55A2 /* FontDescriptorExtensions.swift */ = {isa = PBXFileReference; fileEncoding = 4; lastKnownFileType = sourcecode.swift; path = FontDescriptorExtensions.swift; sourceTree = "<group>"; };
		3B1756E11B8B9D8F001E55A2 /* Paragraph.swift */ = {isa = PBXFileReference; fileEncoding = 4; lastKnownFileType = sourcecode.swift; path = Paragraph.swift; sourceTree = "<group>"; };
		3B1756E21B8B9D8F001E55A2 /* Stylesheet.swift */ = {isa = PBXFileReference; fileEncoding = 4; lastKnownFileType = sourcecode.swift; path = Stylesheet.swift; sourceTree = "<group>"; };
/* End PBXFileReference section */

/* Begin PBXFrameworksBuildPhase section */
		3A512F171BE16D400091A124 /* Frameworks */ = {
			isa = PBXFrameworksBuildPhase;
			buildActionMask = 2147483647;
			files = (
			);
			runOnlyForDeploymentPostprocessing = 0;
		};
		3B1756BC1B8B9B2C001E55A2 /* Frameworks */ = {
			isa = PBXFrameworksBuildPhase;
			buildActionMask = 2147483647;
			files = (
			);
			runOnlyForDeploymentPostprocessing = 0;
		};
		3B1756C81B8B9B2C001E55A2 /* Frameworks */ = {
			isa = PBXFrameworksBuildPhase;
			buildActionMask = 2147483647;
			files = (
				3B1756CC1B8B9B2C001E55A2 /* Escapement.framework in Frameworks */,
			);
			runOnlyForDeploymentPostprocessing = 0;
		};
/* End PBXFrameworksBuildPhase section */

/* Begin PBXGroup section */
		3A4058C11C0D27AD00D1ED83 /* Configuration */ = {
			isa = PBXGroup;
			children = (
				3A4058C21C0D27AD00D1ED83 /* .gitignore */,
				3A4058C31C0D27AD00D1ED83 /* Base */,
				3A4058CE1C0D27AD00D1ED83 /* iOS */,
				3A4058D31C0D27AD00D1ED83 /* Mac OS X */,
				3A4058D91C0D27AD00D1ED83 /* README.md */,
				3A4058DA1C0D27AD00D1ED83 /* tvOS */,
				3A4058DF1C0D27AD00D1ED83 /* watchOS */,
			);
			name = Configuration;
			path = Submodules/xcconfigs;
			sourceTree = "<group>";
		};
		3A4058C31C0D27AD00D1ED83 /* Base */ = {
			isa = PBXGroup;
			children = (
				3A4058C41C0D27AD00D1ED83 /* Common.xcconfig */,
				3A4058C51C0D27AD00D1ED83 /* Configurations */,
				3A4058CA1C0D27AD00D1ED83 /* Targets */,
			);
			path = Base;
			sourceTree = "<group>";
		};
		3A4058C51C0D27AD00D1ED83 /* Configurations */ = {
			isa = PBXGroup;
			children = (
				3A4058C61C0D27AD00D1ED83 /* Debug.xcconfig */,
				3A4058C71C0D27AD00D1ED83 /* Profile.xcconfig */,
				3A4058C81C0D27AD00D1ED83 /* Release.xcconfig */,
				3A4058C91C0D27AD00D1ED83 /* Test.xcconfig */,
			);
			path = Configurations;
			sourceTree = "<group>";
		};
		3A4058CA1C0D27AD00D1ED83 /* Targets */ = {
			isa = PBXGroup;
			children = (
				3A4058CB1C0D27AD00D1ED83 /* Application.xcconfig */,
				3A4058CC1C0D27AD00D1ED83 /* Framework.xcconfig */,
				3A4058CD1C0D27AD00D1ED83 /* StaticLibrary.xcconfig */,
			);
			path = Targets;
			sourceTree = "<group>";
		};
		3A4058CE1C0D27AD00D1ED83 /* iOS */ = {
			isa = PBXGroup;
			children = (
				3A4058CF1C0D27AD00D1ED83 /* iOS-Application.xcconfig */,
				3A4058D01C0D27AD00D1ED83 /* iOS-Base.xcconfig */,
				3A4058D11C0D27AD00D1ED83 /* iOS-Framework.xcconfig */,
				3A4058D21C0D27AD00D1ED83 /* iOS-StaticLibrary.xcconfig */,
			);
			path = iOS;
			sourceTree = "<group>";
		};
		3A4058D31C0D27AD00D1ED83 /* Mac OS X */ = {
			isa = PBXGroup;
			children = (
				3A4058D41C0D27AD00D1ED83 /* Mac-Application.xcconfig */,
				3A4058D51C0D27AD00D1ED83 /* Mac-Base.xcconfig */,
				3A4058D61C0D27AD00D1ED83 /* Mac-DynamicLibrary.xcconfig */,
				3A4058D71C0D27AD00D1ED83 /* Mac-Framework.xcconfig */,
				3A4058D81C0D27AD00D1ED83 /* Mac-StaticLibrary.xcconfig */,
			);
			path = "Mac OS X";
			sourceTree = "<group>";
		};
		3A4058DA1C0D27AD00D1ED83 /* tvOS */ = {
			isa = PBXGroup;
			children = (
				3A4058DB1C0D27AD00D1ED83 /* tvOS-Application.xcconfig */,
				3A4058DC1C0D27AD00D1ED83 /* tvOS-Base.xcconfig */,
				3A4058DD1C0D27AD00D1ED83 /* tvOS-Framework.xcconfig */,
				3A4058DE1C0D27AD00D1ED83 /* tvOS-StaticLibrary.xcconfig */,
			);
			path = tvOS;
			sourceTree = "<group>";
		};
		3A4058DF1C0D27AD00D1ED83 /* watchOS */ = {
			isa = PBXGroup;
			children = (
				3A4058E01C0D27AD00D1ED83 /* watchOS-Application.xcconfig */,
				3A4058E11C0D27AD00D1ED83 /* watchOS-Base.xcconfig */,
				3A4058E21C0D27AD00D1ED83 /* watchOS-Framework.xcconfig */,
				3A4058E31C0D27AD00D1ED83 /* watchOS-StaticLibrary.xcconfig */,
			);
			path = watchOS;
			sourceTree = "<group>";
		};
		3A512F321BE16DAA0091A124 /* Configuration */ = {
			isa = PBXGroup;
			children = (
				3A512F331BE16DAA0091A124 /* iOS */,
				3A512F361BE16DAA0091A124 /* tvOS */,
			);
			path = Configuration;
			sourceTree = "<group>";
		};
		3A512F331BE16DAA0091A124 /* iOS */ = {
			isa = PBXGroup;
			children = (
				3A512F341BE16DAA0091A124 /* Escapement.h */,
				3A512F351BE16DAA0091A124 /* Info.plist */,
			);
			path = iOS;
			sourceTree = "<group>";
		};
		3A512F361BE16DAA0091A124 /* tvOS */ = {
			isa = PBXGroup;
			children = (
				3A512F371BE16DAA0091A124 /* Escapement.h */,
				3A512F381BE16DAA0091A124 /* Info.plist */,
			);
			path = tvOS;
			sourceTree = "<group>";
		};
		3A512F391BE16DB10091A124 /* Configuration */ = {
			isa = PBXGroup;
			children = (
				3A512F3A1BE16DB10091A124 /* iOS */,
				3A512F3C1BE16DB10091A124 /* tvOS */,
			);
			path = Configuration;
			sourceTree = "<group>";
		};
		3A512F3A1BE16DB10091A124 /* iOS */ = {
			isa = PBXGroup;
			children = (
				3A512F3B1BE16DB10091A124 /* Info.plist */,
			);
			path = iOS;
			sourceTree = "<group>";
		};
		3A512F3C1BE16DB10091A124 /* tvOS */ = {
			isa = PBXGroup;
			children = (
				3A512F3D1BE16DB10091A124 /* Info.plist */,
			);
			path = tvOS;
			sourceTree = "<group>";
		};
		3B1756B61B8B9B2C001E55A2 = {
			isa = PBXGroup;
			children = (
				3B1756C21B8B9B2C001E55A2 /* Escapement */,
				3B1756CF1B8B9B2C001E55A2 /* Tests */,
				3A4058C11C0D27AD00D1ED83 /* Configuration */,
				3B1756C11B8B9B2C001E55A2 /* Products */,
				3B1756EA1B8B9DC6001E55A2 /* Frameworks */,
			);
			sourceTree = "<group>";
		};
		3B1756C11B8B9B2C001E55A2 /* Products */ = {
			isa = PBXGroup;
			children = (
				3B1756C01B8B9B2C001E55A2 /* Escapement.framework */,
				3B1756CB1B8B9B2C001E55A2 /* Escapement iOS Tests.xctest */,
				3A512F1B1BE16D400091A124 /* Escapement.framework */,
			);
			name = Products;
			sourceTree = "<group>";
		};
		3B1756C21B8B9B2C001E55A2 /* Escapement */ = {
			isa = PBXGroup;
			children = (
				3B1756E21B8B9D8F001E55A2 /* Stylesheet.swift */,
				3B1756DE1B8B9D8F001E55A2 /* Document.swift */,
				3B1756E11B8B9D8F001E55A2 /* Paragraph.swift */,
				3B1756DF1B8B9D8F001E55A2 /* Entity.swift */,
				3B1756DC1B8B9D8F001E55A2 /* AttributedStringConvertible.swift */,
				3B1756DD1B8B9D8F001E55A2 /* AttributedStringExtensions.swift */,
				3B1756E01B8B9D8F001E55A2 /* FontDescriptorExtensions.swift */,
				3A512F321BE16DAA0091A124 /* Configuration */,
			);
			path = Escapement;
			sourceTree = "<group>";
		};
		3B1756CF1B8B9B2C001E55A2 /* Tests */ = {
			isa = PBXGroup;
			children = (
				3B1756D21B8B9B2C001E55A2 /* Tests.swift */,
				3A512F391BE16DB10091A124 /* Configuration */,
			);
			path = Tests;
			sourceTree = "<group>";
		};
		3B1756EA1B8B9DC6001E55A2 /* Frameworks */ = {
			isa = PBXGroup;
			children = (
				3A512F421BE170EF0091A124 /* Alexander.framework */,
				3A512F411BE170DF0091A124 /* Alexander.framework */,
			);
			name = Frameworks;
			sourceTree = "<group>";
		};
/* End PBXGroup section */

/* Begin PBXHeadersBuildPhase section */
		3A512F181BE16D400091A124 /* Headers */ = {
			isa = PBXHeadersBuildPhase;
			buildActionMask = 2147483647;
			files = (
				3A512F3F1BE16DD60091A124 /* Escapement.h in Headers */,
			);
			runOnlyForDeploymentPostprocessing = 0;
		};
		3B1756BD1B8B9B2C001E55A2 /* Headers */ = {
			isa = PBXHeadersBuildPhase;
			buildActionMask = 2147483647;
			files = (
				3A512F3E1BE16DC30091A124 /* Escapement.h in Headers */,
			);
			runOnlyForDeploymentPostprocessing = 0;
		};
/* End PBXHeadersBuildPhase section */

/* Begin PBXNativeTarget section */
		3A512F1A1BE16D400091A124 /* Escapement tvOS */ = {
			isa = PBXNativeTarget;
			buildConfigurationList = 3A512F301BE16D400091A124 /* Build configuration list for PBXNativeTarget "Escapement tvOS" */;
			buildPhases = (
				3A512F161BE16D400091A124 /* Sources */,
				3A512F171BE16D400091A124 /* Frameworks */,
				3A512F181BE16D400091A124 /* Headers */,
				3A512F191BE16D400091A124 /* Resources */,
			);
			buildRules = (
			);
			dependencies = (
			);
			name = "Escapement tvOS";
			productName = "Escapement tvOS";
			productReference = 3A512F1B1BE16D400091A124 /* Escapement.framework */;
			productType = "com.apple.product-type.framework";
		};
		3B1756BF1B8B9B2C001E55A2 /* Escapement iOS */ = {
			isa = PBXNativeTarget;
			buildConfigurationList = 3B1756D61B8B9B2C001E55A2 /* Build configuration list for PBXNativeTarget "Escapement iOS" */;
			buildPhases = (
				3B1756BB1B8B9B2C001E55A2 /* Sources */,
				3B1756BC1B8B9B2C001E55A2 /* Frameworks */,
				3B1756BD1B8B9B2C001E55A2 /* Headers */,
				3B1756BE1B8B9B2C001E55A2 /* Resources */,
			);
			buildRules = (
			);
			dependencies = (
			);
			name = "Escapement iOS";
			productName = Escapement;
			productReference = 3B1756C01B8B9B2C001E55A2 /* Escapement.framework */;
			productType = "com.apple.product-type.framework";
		};
		3B1756CA1B8B9B2C001E55A2 /* Escapement iOS Tests */ = {
			isa = PBXNativeTarget;
			buildConfigurationList = 3B1756D91B8B9B2C001E55A2 /* Build configuration list for PBXNativeTarget "Escapement iOS Tests" */;
			buildPhases = (
				3B1756C71B8B9B2C001E55A2 /* Sources */,
				3B1756C81B8B9B2C001E55A2 /* Frameworks */,
				3B1756C91B8B9B2C001E55A2 /* Resources */,
				3A512F431BE1712A0091A124 /* CopyFiles */,
			);
			buildRules = (
			);
			dependencies = (
				3B1756CE1B8B9B2C001E55A2 /* PBXTargetDependency */,
			);
			name = "Escapement iOS Tests";
			productName = EscapementTests;
			productReference = 3B1756CB1B8B9B2C001E55A2 /* Escapement iOS Tests.xctest */;
			productType = "com.apple.product-type.bundle.unit-test";
		};
/* End PBXNativeTarget section */

/* Begin PBXProject section */
		3B1756B71B8B9B2C001E55A2 /* Project object */ = {
			isa = PBXProject;
			attributes = {
				LastSwiftMigration = 0700;
				LastSwiftUpdateCheck = 0710;
				LastUpgradeCheck = 0700;
				ORGANIZATIONNAME = Hodinkee;
				TargetAttributes = {
					3A512F1A1BE16D400091A124 = {
						CreatedOnToolsVersion = 7.1;
					};
					3B1756BF1B8B9B2C001E55A2 = {
						CreatedOnToolsVersion = 6.4;
					};
					3B1756CA1B8B9B2C001E55A2 = {
						CreatedOnToolsVersion = 6.4;
					};
				};
			};
			buildConfigurationList = 3B1756BA1B8B9B2C001E55A2 /* Build configuration list for PBXProject "Escapement" */;
			compatibilityVersion = "Xcode 3.2";
			developmentRegion = English;
			hasScannedForEncodings = 0;
			knownRegions = (
				en,
			);
			mainGroup = 3B1756B61B8B9B2C001E55A2;
			productRefGroup = 3B1756C11B8B9B2C001E55A2 /* Products */;
			projectDirPath = "";
			projectRoot = "";
			targets = (
				3B1756BF1B8B9B2C001E55A2 /* Escapement iOS */,
				3B1756CA1B8B9B2C001E55A2 /* Escapement iOS Tests */,
				3A512F1A1BE16D400091A124 /* Escapement tvOS */,
			);
		};
/* End PBXProject section */

/* Begin PBXResourcesBuildPhase section */
		3A512F191BE16D400091A124 /* Resources */ = {
			isa = PBXResourcesBuildPhase;
			buildActionMask = 2147483647;
			files = (
			);
			runOnlyForDeploymentPostprocessing = 0;
		};
		3B1756BE1B8B9B2C001E55A2 /* Resources */ = {
			isa = PBXResourcesBuildPhase;
			buildActionMask = 2147483647;
			files = (
			);
			runOnlyForDeploymentPostprocessing = 0;
		};
		3B1756C91B8B9B2C001E55A2 /* Resources */ = {
			isa = PBXResourcesBuildPhase;
			buildActionMask = 2147483647;
			files = (
			);
			runOnlyForDeploymentPostprocessing = 0;
		};
/* End PBXResourcesBuildPhase section */

/* Begin PBXSourcesBuildPhase section */
		3A512F161BE16D400091A124 /* Sources */ = {
			isa = PBXSourcesBuildPhase;
			buildActionMask = 2147483647;
			files = (
				3A512F4C1BE1716F0091A124 /* AttributedStringExtensions.swift in Sources */,
				3A512F4A1BE1716F0091A124 /* Entity.swift in Sources */,
				3A512F491BE1716F0091A124 /* Paragraph.swift in Sources */,
				3A512F481BE1716F0091A124 /* Document.swift in Sources */,
				3A512F4D1BE1716F0091A124 /* FontDescriptorExtensions.swift in Sources */,
				3A512F471BE1716F0091A124 /* Stylesheet.swift in Sources */,
				3A512F4B1BE1716F0091A124 /* AttributedStringConvertible.swift in Sources */,
			);
			runOnlyForDeploymentPostprocessing = 0;
		};
		3B1756BB1B8B9B2C001E55A2 /* Sources */ = {
			isa = PBXSourcesBuildPhase;
			buildActionMask = 2147483647;
			files = (
				3B1756E81B8B9D8F001E55A2 /* Paragraph.swift in Sources */,
				3B1756E71B8B9D8F001E55A2 /* FontDescriptorExtensions.swift in Sources */,
				3B1756E61B8B9D8F001E55A2 /* Entity.swift in Sources */,
				3B1756E41B8B9D8F001E55A2 /* AttributedStringExtensions.swift in Sources */,
				3B1756E91B8B9D8F001E55A2 /* Stylesheet.swift in Sources */,
				3B1756E31B8B9D8F001E55A2 /* AttributedStringConvertible.swift in Sources */,
				3B1756E51B8B9D8F001E55A2 /* Document.swift in Sources */,
			);
			runOnlyForDeploymentPostprocessing = 0;
		};
		3B1756C71B8B9B2C001E55A2 /* Sources */ = {
			isa = PBXSourcesBuildPhase;
			buildActionMask = 2147483647;
			files = (
				3B1756D31B8B9B2C001E55A2 /* Tests.swift in Sources */,
			);
			runOnlyForDeploymentPostprocessing = 0;
		};
/* End PBXSourcesBuildPhase section */

/* Begin PBXTargetDependency section */
		3B1756CE1B8B9B2C001E55A2 /* PBXTargetDependency */ = {
			isa = PBXTargetDependency;
			target = 3B1756BF1B8B9B2C001E55A2 /* Escapement iOS */;
			targetProxy = 3B1756CD1B8B9B2C001E55A2 /* PBXContainerItemProxy */;
		};
/* End PBXTargetDependency section */

/* Begin XCBuildConfiguration section */
		3A512F2C1BE16D400091A124 /* Debug */ = {
			isa = XCBuildConfiguration;
			baseConfigurationReference = 3A4058DD1C0D27AD00D1ED83 /* tvOS-Framework.xcconfig */;
			buildSettings = {
				CURRENT_PROJECT_VERSION = 4;
				DYLIB_COMPATIBILITY_VERSION = 1;
				DYLIB_CURRENT_VERSION = 4;
				FRAMEWORK_SEARCH_PATHS = (
					"$(inherited)",
					"$(PROJECT_DIR)/Carthage/Build/tvOS",
				);
				INFOPLIST_FILE = Escapement/Configuration/tvOS/Info.plist;
				PRODUCT_BUNDLE_IDENTIFIER = "com.hodinkee.$(PRODUCT_NAME:rfc1034identifier)";
			};
			name = Debug;
		};
		3A512F2D1BE16D400091A124 /* Release */ = {
			isa = XCBuildConfiguration;
			baseConfigurationReference = 3A4058DD1C0D27AD00D1ED83 /* tvOS-Framework.xcconfig */;
			buildSettings = {
				CURRENT_PROJECT_VERSION = 4;
				DYLIB_COMPATIBILITY_VERSION = 1;
				DYLIB_CURRENT_VERSION = 4;
				FRAMEWORK_SEARCH_PATHS = (
					"$(inherited)",
					"$(PROJECT_DIR)/Carthage/Build/tvOS",
				);
				INFOPLIST_FILE = Escapement/Configuration/tvOS/Info.plist;
				PRODUCT_BUNDLE_IDENTIFIER = "com.hodinkee.$(PRODUCT_NAME:rfc1034identifier)";
			};
			name = Release;
		};
		3B1756D41B8B9B2C001E55A2 /* Debug */ = {
			isa = XCBuildConfiguration;
			baseConfigurationReference = 3A4058C61C0D27AD00D1ED83 /* Debug.xcconfig */;
			buildSettings = {
				CURRENT_PROJECT_VERSION = 4;
				ENABLE_TESTABILITY = YES;
				IPHONEOS_DEPLOYMENT_TARGET = 8.0;
				SWIFT_INSTALL_OBJC_HEADER = NO;
				TVOS_DEPLOYMENT_TARGET = 9.0;
				VERSIONING_SYSTEM = "apple-generic";
				VERSION_INFO_PREFIX = "";
			};
			name = Debug;
		};
		3B1756D51B8B9B2C001E55A2 /* Release */ = {
			isa = XCBuildConfiguration;
			baseConfigurationReference = 3A4058C81C0D27AD00D1ED83 /* Release.xcconfig */;
			buildSettings = {
				CURRENT_PROJECT_VERSION = 4;
				IPHONEOS_DEPLOYMENT_TARGET = 8.0;
				SWIFT_INSTALL_OBJC_HEADER = NO;
				TVOS_DEPLOYMENT_TARGET = 9.0;
				VERSIONING_SYSTEM = "apple-generic";
				VERSION_INFO_PREFIX = "";
			};
			name = Release;
		};
		3B1756D71B8B9B2C001E55A2 /* Debug */ = {
			isa = XCBuildConfiguration;
			baseConfigurationReference = 3A4058D11C0D27AD00D1ED83 /* iOS-Framework.xcconfig */;
			buildSettings = {
				CODE_SIGN_IDENTITY = "iPhone Developer";
				"CODE_SIGN_IDENTITY[sdk=iphonesimulator*]" = "";
				DYLIB_COMPATIBILITY_VERSION = 1;
				DYLIB_CURRENT_VERSION = 4;
				FRAMEWORK_SEARCH_PATHS = (
					"$(inherited)",
					"$(PROJECT_DIR)/Carthage/Build/iOS",
				);
				INFOPLIST_FILE = Escapement/Configuration/iOS/Info.plist;
				PRODUCT_BUNDLE_IDENTIFIER = "com.hodinkee.$(PRODUCT_NAME:rfc1034identifier)";
			};
			name = Debug;
		};
		3B1756D81B8B9B2C001E55A2 /* Release */ = {
			isa = XCBuildConfiguration;
			baseConfigurationReference = 3A4058D11C0D27AD00D1ED83 /* iOS-Framework.xcconfig */;
			buildSettings = {
				CODE_SIGN_IDENTITY = "iPhone Developer";
				"CODE_SIGN_IDENTITY[sdk=iphonesimulator*]" = "";
				DYLIB_COMPATIBILITY_VERSION = 1;
				DYLIB_CURRENT_VERSION = 4;
				FRAMEWORK_SEARCH_PATHS = (
					"$(inherited)",
					"$(PROJECT_DIR)/Carthage/Build/iOS",
				);
				INFOPLIST_FILE = Escapement/Configuration/iOS/Info.plist;
				PRODUCT_BUNDLE_IDENTIFIER = "com.hodinkee.$(PRODUCT_NAME:rfc1034identifier)";
			};
			name = Release;
		};
		3B1756DA1B8B9B2C001E55A2 /* Debug */ = {
			isa = XCBuildConfiguration;
			baseConfigurationReference = 3A4058CF1C0D27AD00D1ED83 /* iOS-Application.xcconfig */;
			buildSettings = {
				CODE_SIGN_IDENTITY = "iPhone Developer";
				"CODE_SIGN_IDENTITY[sdk=iphonesimulator*]" = "";
				INFOPLIST_FILE = Tests/Configuration/iOS/Info.plist;
				PRODUCT_BUNDLE_IDENTIFIER = "com.hodinkee.$(PRODUCT_NAME:rfc1034identifier)";
				PRODUCT_NAME = "$(TARGET_NAME)";
			};
			name = Debug;
		};
		3B1756DB1B8B9B2C001E55A2 /* Release */ = {
			isa = XCBuildConfiguration;
			baseConfigurationReference = 3A4058CF1C0D27AD00D1ED83 /* iOS-Application.xcconfig */;
			buildSettings = {
				CODE_SIGN_IDENTITY = "iPhone Developer";
				"CODE_SIGN_IDENTITY[sdk=iphonesimulator*]" = "";
				INFOPLIST_FILE = Tests/Configuration/iOS/Info.plist;
				PRODUCT_BUNDLE_IDENTIFIER = "com.hodinkee.$(PRODUCT_NAME:rfc1034identifier)";
				PRODUCT_NAME = "$(TARGET_NAME)";
			};
			name = Release;
		};
/* End XCBuildConfiguration section */

/* Begin XCConfigurationList section */
		3A512F301BE16D400091A124 /* Build configuration list for PBXNativeTarget "Escapement tvOS" */ = {
			isa = XCConfigurationList;
			buildConfigurations = (
				3A512F2C1BE16D400091A124 /* Debug */,
				3A512F2D1BE16D400091A124 /* Release */,
			);
			defaultConfigurationIsVisible = 0;
			defaultConfigurationName = Release;
		};
		3B1756BA1B8B9B2C001E55A2 /* Build configuration list for PBXProject "Escapement" */ = {
			isa = XCConfigurationList;
			buildConfigurations = (
				3B1756D41B8B9B2C001E55A2 /* Debug */,
				3B1756D51B8B9B2C001E55A2 /* Release */,
			);
			defaultConfigurationIsVisible = 0;
			defaultConfigurationName = Release;
		};
		3B1756D61B8B9B2C001E55A2 /* Build configuration list for PBXNativeTarget "Escapement iOS" */ = {
			isa = XCConfigurationList;
			buildConfigurations = (
				3B1756D71B8B9B2C001E55A2 /* Debug */,
				3B1756D81B8B9B2C001E55A2 /* Release */,
			);
			defaultConfigurationIsVisible = 0;
			defaultConfigurationName = Release;
		};
		3B1756D91B8B9B2C001E55A2 /* Build configuration list for PBXNativeTarget "Escapement iOS Tests" */ = {
			isa = XCConfigurationList;
			buildConfigurations = (
				3B1756DA1B8B9B2C001E55A2 /* Debug */,
				3B1756DB1B8B9B2C001E55A2 /* Release */,
			);
			defaultConfigurationIsVisible = 0;
			defaultConfigurationName = Release;
		};
/* End XCConfigurationList section */
	};
	rootObject = 3B1756B71B8B9B2C001E55A2 /* Project object */;
}
